<Solution>
  <Project Path="UserManagement.Api/UserManagement.Api.csproj" />
  <Project Path="UserManagement.Application/UserManagement.Application.csproj" />
  <Project Path="UserManagement.Domain/UserManagement.Domain.csproj" />
  <Project Path="UserManagement.Infrastructure/UserManagement.Infrastructure.csproj" />
  <Project Path="UserManagement.IntegrationTests/UserManagement.IntegrationTests.csproj" />
  <Project Path="UserManagement.UnitTests/UserManagement.UnitTests.csproj" />
</Solution>
